// !$*UTF8*$!
{
	archiveVersion = 1;
	classes = {
	};
	objectVersion = 46;
	objects = {

/* Begin PBXBuildFile section */
		55DC36E43E419353A3CFAAAC /* libPods-iCareer.a in Frameworks */ = {isa = PBXBuildFile; fileRef = D52DB939900BA66936A38766 /* libPods-iCareer.a */; };
		67331EAA1DEB3B3D009EB780 /* AppHelper.m in Sources */ = {isa = PBXBuildFile; fileRef = 67331EA91DEB3B3D009EB780 /* AppHelper.m */; };
		67331EAD1DEB3B8C009EB780 /* CoreDataFunction.m in Sources */ = {isa = PBXBuildFile; fileRef = 67331EAC1DEB3B8C009EB780 /* CoreDataFunction.m */; };
		67331EB11DEB3C30009EB780 /* Services.m in Sources */ = {isa = PBXBuildFile; fileRef = 67331EB01DEB3C30009EB780 /* Services.m */; };
		673980CC1DF2B94B0040E24F /* SideMenuVC.m in Sources */ = {isa = PBXBuildFile; fileRef = 673980CB1DF2B94B0040E24F /* SideMenuVC.m */; };
		673980CF1DF2B9640040E24F /* BoardRoomVC.m in Sources */ = {isa = PBXBuildFile; fileRef = 673980CE1DF2B9640040E24F /* BoardRoomVC.m */; };
		673980D21DF2BF2A0040E24F /* MFSideMenuVC.m in Sources */ = {isa = PBXBuildFile; fileRef = 673980D11DF2BF2A0040E24F /* MFSideMenuVC.m */; };
		673980D51DF2ED4D0040E24F /* SideMenuHeaderView.m in Sources */ = {isa = PBXBuildFile; fileRef = 673980D41DF2ED4D0040E24F /* SideMenuHeaderView.m */; };
		673980D71DF2ED6A0040E24F /* SideMenuHeaderView.xib in Resources */ = {isa = PBXBuildFile; fileRef = 673980D61DF2ED6A0040E24F /* SideMenuHeaderView.xib */; };
		673980DA1DF2F6FB0040E24F /* SideMenuCell.m in Sources */ = {isa = PBXBuildFile; fileRef = 673980D91DF2F6FB0040E24F /* SideMenuCell.m */; };
		673980DD1DF303200040E24F /* NewsRoomVC.m in Sources */ = {isa = PBXBuildFile; fileRef = 673980DC1DF303200040E24F /* NewsRoomVC.m */; };
		673980E01DF303400040E24F /* IprofileVC.m in Sources */ = {isa = PBXBuildFile; fileRef = 673980DF1DF303400040E24F /* IprofileVC.m */; };
		673BC7E11DEADA9400D3925D /* main.m in Sources */ = {isa = PBXBuildFile; fileRef = 673BC7E01DEADA9400D3925D /* main.m */; };
		673BC7E41DEADA9400D3925D /* AppDelegate.m in Sources */ = {isa = PBXBuildFile; fileRef = 673BC7E31DEADA9400D3925D /* AppDelegate.m */; };
		673BC7E71DEADA9400D3925D /* LoginVC.m in Sources */ = {isa = PBXBuildFile; fileRef = 673BC7E61DEADA9400D3925D /* LoginVC.m */; };
		673BC7EA1DEADA9400D3925D /* Main.storyboard in Resources */ = {isa = PBXBuildFile; fileRef = 673BC7E81DEADA9400D3925D /* Main.storyboard */; };
		673BC7ED1DEADA9500D3925D /* iCareer.xcdatamodeld in Sources */ = {isa = PBXBuildFile; fileRef = 673BC7EB1DEADA9500D3925D /* iCareer.xcdatamodeld */; };
		673BC7EF1DEADA9600D3925D /* Assets.xcassets in Resources */ = {isa = PBXBuildFile; fileRef = 673BC7EE1DEADA9600D3925D /* Assets.xcassets */; };
		673BC7F21DEADA9600D3925D /* LaunchScreen.storyboard in Resources */ = {isa = PBXBuildFile; fileRef = 673BC7F01DEADA9600D3925D /* LaunchScreen.storyboard */; };
		673BC7FD1DEADA9700D3925D /* iCareerTests.m in Sources */ = {isa = PBXBuildFile; fileRef = 673BC7FC1DEADA9700D3925D /* iCareerTests.m */; };
		673BC8081DEADA9700D3925D /* iCareerUITests.m in Sources */ = {isa = PBXBuildFile; fileRef = 673BC8071DEADA9700D3925D /* iCareerUITests.m */; };
		6745E7AE1DEED95D00903E4F /* WelcomVC.m in Sources */ = {isa = PBXBuildFile; fileRef = 6745E7AD1DEED95D00903E4F /* WelcomVC.m */; };
		6745E7B11DEEDD4700903E4F /* QuizVC.m in Sources */ = {isa = PBXBuildFile; fileRef = 6745E7B01DEEDD4700903E4F /* QuizVC.m */; };
		67B3EFA81DEF23C300E3D426 /* QuizQuestionCell.m in Sources */ = {isa = PBXBuildFile; fileRef = 67B3EFA61DEF23C300E3D426 /* QuizQuestionCell.m */; };
		67B3EFA91DEF23C300E3D426 /* QuizQuestionCell.xib in Resources */ = {isa = PBXBuildFile; fileRef = 67B3EFA71DEF23C300E3D426 /* QuizQuestionCell.xib */; };
		67B3EFAD1DEF28DC00E3D426 /* QuizMCQCell.m in Sources */ = {isa = PBXBuildFile; fileRef = 67B3EFAB1DEF28DC00E3D426 /* QuizMCQCell.m */; };
		67B3EFAE1DEF28DC00E3D426 /* QuizMCQCell.xib in Resources */ = {isa = PBXBuildFile; fileRef = 67B3EFAC1DEF28DC00E3D426 /* QuizMCQCell.xib */; };
		67B3EFB21DEF3C3B00E3D426 /* UISliderWidth.m in Sources */ = {isa = PBXBuildFile; fileRef = 67B3EFB11DEF3C3B00E3D426 /* UISliderWidth.m */; };
		67B3EFB61DEFF4D400E3D426 /* QuizOptionsCell.m in Sources */ = {isa = PBXBuildFile; fileRef = 67B3EFB41DEFF4D400E3D426 /* QuizOptionsCell.m */; };
		67B3EFB71DEFF4D400E3D426 /* QuizOptionsCell.xib in Resources */ = {isa = PBXBuildFile; fileRef = 67B3EFB51DEFF4D400E3D426 /* QuizOptionsCell.xib */; };
		67B3EFBA1DF0297C00E3D426 /* ResultVC.m in Sources */ = {isa = PBXBuildFile; fileRef = 67B3EFB91DF0297C00E3D426 /* ResultVC.m */; };
		67B3EFBF1DF0486000E3D426 /* HCSStarRatingView.m in Sources */ = {isa = PBXBuildFile; fileRef = 67B3EFBE1DF0486000E3D426 /* HCSStarRatingView.m */; };
		67E965D91DEDFFA1005CAE09 /* RegisterVC.m in Sources */ = {isa = PBXBuildFile; fileRef = 67E965D81DEDFFA1005CAE09 /* RegisterVC.m */; };
/* End PBXBuildFile section */

/* Begin PBXContainerItemProxy section */
		673BC7F91DEADA9700D3925D /* PBXContainerItemProxy */ = {
			isa = PBXContainerItemProxy;
			containerPortal = 673BC7D41DEADA9000D3925D /* Project object */;
			proxyType = 1;
			remoteGlobalIDString = 673BC7DB1DEADA9000D3925D;
			remoteInfo = iCareer;
		};
		673BC8041DEADA9700D3925D /* PBXContainerItemProxy */ = {
			isa = PBXContainerItemProxy;
			containerPortal = 673BC7D41DEADA9000D3925D /* Project object */;
			proxyType = 1;
			remoteGlobalIDString = 673BC7DB1DEADA9000D3925D;
			remoteInfo = iCareer;
		};
/* End PBXContainerItemProxy section */

/* Begin PBXFileReference section */
		67331EA81DEB3B3D009EB780 /* AppHelper.h */ = {isa = PBXFileReference; fileEncoding = 4; lastKnownFileType = sourcecode.c.h; name = AppHelper.h; path = Controller/AppHelper/AppHelper.h; sourceTree = "<group>"; };
		67331EA91DEB3B3D009EB780 /* AppHelper.m */ = {isa = PBXFileReference; fileEncoding = 4; lastKnownFileType = sourcecode.c.objc; name = AppHelper.m; path = Controller/AppHelper/AppHelper.m; sourceTree = "<group>"; };
		67331EAB1DEB3B8C009EB780 /* CoreDataFunction.h */ = {isa = PBXFileReference; fileEncoding = 4; lastKnownFileType = sourcecode.c.h; name = CoreDataFunction.h; path = Controller/CoreDataFunction/CoreDataFunction.h; sourceTree = "<group>"; };
		67331EAC1DEB3B8C009EB780 /* CoreDataFunction.m */ = {isa = PBXFileReference; fileEncoding = 4; lastKnownFileType = sourcecode.c.objc; name = CoreDataFunction.m; path = Controller/CoreDataFunction/CoreDataFunction.m; sourceTree = "<group>"; };
		67331EAE1DEB3C1D009EB780 /* Defines.h */ = {isa = PBXFileReference; fileEncoding = 4; lastKnownFileType = sourcecode.c.h; name = Defines.h; path = Controller/Defines/Defines.h; sourceTree = "<group>"; };
		67331EAF1DEB3C30009EB780 /* Services.h */ = {isa = PBXFileReference; fileEncoding = 4; lastKnownFileType = sourcecode.c.h; name = Services.h; path = Controller/Services/Services.h; sourceTree = "<group>"; };
		67331EB01DEB3C30009EB780 /* Services.m */ = {isa = PBXFileReference; fileEncoding = 4; lastKnownFileType = sourcecode.c.objc; name = Services.m; path = Controller/Services/Services.m; sourceTree = "<group>"; };
		673980CA1DF2B94B0040E24F /* SideMenuVC.h */ = {isa = PBXFileReference; fileEncoding = 4; lastKnownFileType = sourcecode.c.h; name = SideMenuVC.h; path = View/SideMenuVC.h; sourceTree = "<group>"; };
		673980CB1DF2B94B0040E24F /* SideMenuVC.m */ = {isa = PBXFileReference; fileEncoding = 4; lastKnownFileType = sourcecode.c.objc; name = SideMenuVC.m; path = View/SideMenuVC.m; sourceTree = "<group>"; };
		673980CD1DF2B9640040E24F /* BoardRoomVC.h */ = {isa = PBXFileReference; fileEncoding = 4; lastKnownFileType = sourcecode.c.h; name = BoardRoomVC.h; path = View/BoardRoomVC.h; sourceTree = "<group>"; };
		673980CE1DF2B9640040E24F /* BoardRoomVC.m */ = {isa = PBXFileReference; fileEncoding = 4; lastKnownFileType = sourcecode.c.objc; name = BoardRoomVC.m; path = View/BoardRoomVC.m; sourceTree = "<group>"; };
		673980D01DF2BF2A0040E24F /* MFSideMenuVC.h */ = {isa = PBXFileReference; fileEncoding = 4; lastKnownFileType = sourcecode.c.h; name = MFSideMenuVC.h; path = View/MFSideMenuVC.h; sourceTree = "<group>"; };
		673980D11DF2BF2A0040E24F /* MFSideMenuVC.m */ = {isa = PBXFileReference; fileEncoding = 4; lastKnownFileType = sourcecode.c.objc; name = MFSideMenuVC.m; path = View/MFSideMenuVC.m; sourceTree = "<group>"; };
		673980D31DF2ED4D0040E24F /* SideMenuHeaderView.h */ = {isa = PBXFileReference; fileEncoding = 4; lastKnownFileType = sourcecode.c.h; name = SideMenuHeaderView.h; path = View/SideMenuHeaderView.h; sourceTree = "<group>"; };
		673980D41DF2ED4D0040E24F /* SideMenuHeaderView.m */ = {isa = PBXFileReference; fileEncoding = 4; lastKnownFileType = sourcecode.c.objc; name = SideMenuHeaderView.m; path = View/SideMenuHeaderView.m; sourceTree = "<group>"; };
		673980D61DF2ED6A0040E24F /* SideMenuHeaderView.xib */ = {isa = PBXFileReference; fileEncoding = 4; lastKnownFileType = file.xib; name = SideMenuHeaderView.xib; path = View/SideMenuHeaderView.xib; sourceTree = "<group>"; };
		673980D81DF2F6FB0040E24F /* SideMenuCell.h */ = {isa = PBXFileReference; fileEncoding = 4; lastKnownFileType = sourcecode.c.h; name = SideMenuCell.h; path = View/SideMenuCell.h; sourceTree = "<group>"; };
		673980D91DF2F6FB0040E24F /* SideMenuCell.m */ = {isa = PBXFileReference; fileEncoding = 4; lastKnownFileType = sourcecode.c.objc; name = SideMenuCell.m; path = View/SideMenuCell.m; sourceTree = "<group>"; };
		673980DB1DF303200040E24F /* NewsRoomVC.h */ = {isa = PBXFileReference; fileEncoding = 4; lastKnownFileType = sourcecode.c.h; name = NewsRoomVC.h; path = View/NewsRoomVC.h; sourceTree = "<group>"; };
		673980DC1DF303200040E24F /* NewsRoomVC.m */ = {isa = PBXFileReference; fileEncoding = 4; lastKnownFileType = sourcecode.c.objc; name = NewsRoomVC.m; path = View/NewsRoomVC.m; sourceTree = "<group>"; };
		673980DE1DF3033F0040E24F /* IprofileVC.h */ = {isa = PBXFileReference; fileEncoding = 4; lastKnownFileType = sourcecode.c.h; name = IprofileVC.h; path = View/IprofileVC.h; sourceTree = "<group>"; };
		673980DF1DF303400040E24F /* IprofileVC.m */ = {isa = PBXFileReference; fileEncoding = 4; lastKnownFileType = sourcecode.c.objc; name = IprofileVC.m; path = View/IprofileVC.m; sourceTree = "<group>"; };
		673BC7DC1DEADA9400D3925D /* iCareer.app */ = {isa = PBXFileReference; explicitFileType = wrapper.application; includeInIndex = 0; path = iCareer.app; sourceTree = BUILT_PRODUCTS_DIR; };
		673BC7E01DEADA9400D3925D /* main.m */ = {isa = PBXFileReference; lastKnownFileType = sourcecode.c.objc; path = main.m; sourceTree = "<group>"; };
		673BC7E21DEADA9400D3925D /* AppDelegate.h */ = {isa = PBXFileReference; lastKnownFileType = sourcecode.c.h; path = AppDelegate.h; sourceTree = "<group>"; };
		673BC7E31DEADA9400D3925D /* AppDelegate.m */ = {isa = PBXFileReference; lastKnownFileType = sourcecode.c.objc; path = AppDelegate.m; sourceTree = "<group>"; };
		673BC7E51DEADA9400D3925D /* LoginVC.h */ = {isa = PBXFileReference; lastKnownFileType = sourcecode.c.h; path = LoginVC.h; sourceTree = "<group>"; };
		673BC7E61DEADA9400D3925D /* LoginVC.m */ = {isa = PBXFileReference; lastKnownFileType = sourcecode.c.objc; path = LoginVC.m; sourceTree = "<group>"; };
		673BC7E91DEADA9400D3925D /* Base */ = {isa = PBXFileReference; lastKnownFileType = file.storyboard; name = Base; path = Base.lproj/Main.storyboard; sourceTree = "<group>"; };
		673BC7EC1DEADA9500D3925D /* iCareer.xcdatamodel */ = {isa = PBXFileReference; lastKnownFileType = wrapper.xcdatamodel; path = iCareer.xcdatamodel; sourceTree = "<group>"; };
		673BC7EE1DEADA9600D3925D /* Assets.xcassets */ = {isa = PBXFileReference; lastKnownFileType = folder.assetcatalog; path = Assets.xcassets; sourceTree = "<group>"; };
		673BC7F11DEADA9600D3925D /* Base */ = {isa = PBXFileReference; lastKnownFileType = file.storyboard; name = Base; path = Base.lproj/LaunchScreen.storyboard; sourceTree = "<group>"; };
		673BC7F31DEADA9600D3925D /* Info.plist */ = {isa = PBXFileReference; lastKnownFileType = text.plist.xml; path = Info.plist; sourceTree = "<group>"; };
		673BC7F81DEADA9700D3925D /* iCareerTests.xctest */ = {isa = PBXFileReference; explicitFileType = wrapper.cfbundle; includeInIndex = 0; path = iCareerTests.xctest; sourceTree = BUILT_PRODUCTS_DIR; };
		673BC7FC1DEADA9700D3925D /* iCareerTests.m */ = {isa = PBXFileReference; lastKnownFileType = sourcecode.c.objc; path = iCareerTests.m; sourceTree = "<group>"; };
		673BC7FE1DEADA9700D3925D /* Info.plist */ = {isa = PBXFileReference; lastKnownFileType = text.plist.xml; path = Info.plist; sourceTree = "<group>"; };
		673BC8031DEADA9700D3925D /* iCareerUITests.xctest */ = {isa = PBXFileReference; explicitFileType = wrapper.cfbundle; includeInIndex = 0; path = iCareerUITests.xctest; sourceTree = BUILT_PRODUCTS_DIR; };
		673BC8071DEADA9700D3925D /* iCareerUITests.m */ = {isa = PBXFileReference; lastKnownFileType = sourcecode.c.objc; path = iCareerUITests.m; sourceTree = "<group>"; };
		673BC8091DEADA9700D3925D /* Info.plist */ = {isa = PBXFileReference; lastKnownFileType = text.plist.xml; path = Info.plist; sourceTree = "<group>"; };
		6745E7AC1DEED95D00903E4F /* WelcomVC.h */ = {isa = PBXFileReference; fileEncoding = 4; lastKnownFileType = sourcecode.c.h; name = WelcomVC.h; path = View/WelcomVC.h; sourceTree = "<group>"; };
		6745E7AD1DEED95D00903E4F /* WelcomVC.m */ = {isa = PBXFileReference; fileEncoding = 4; lastKnownFileType = sourcecode.c.objc; name = WelcomVC.m; path = View/WelcomVC.m; sourceTree = "<group>"; };
		6745E7AF1DEEDD4700903E4F /* QuizVC.h */ = {isa = PBXFileReference; fileEncoding = 4; lastKnownFileType = sourcecode.c.h; name = QuizVC.h; path = View/QuizVC.h; sourceTree = "<group>"; };
		6745E7B01DEEDD4700903E4F /* QuizVC.m */ = {isa = PBXFileReference; fileEncoding = 4; lastKnownFileType = sourcecode.c.objc; name = QuizVC.m; path = View/QuizVC.m; sourceTree = "<group>"; };
		67B3EFA51DEF23C300E3D426 /* QuizQuestionCell.h */ = {isa = PBXFileReference; fileEncoding = 4; lastKnownFileType = sourcecode.c.h; name = QuizQuestionCell.h; path = View/QuizQuestionCell.h; sourceTree = "<group>"; };
		67B3EFA61DEF23C300E3D426 /* QuizQuestionCell.m */ = {isa = PBXFileReference; fileEncoding = 4; lastKnownFileType = sourcecode.c.objc; name = QuizQuestionCell.m; path = View/QuizQuestionCell.m; sourceTree = "<group>"; };
		67B3EFA71DEF23C300E3D426 /* QuizQuestionCell.xib */ = {isa = PBXFileReference; fileEncoding = 4; lastKnownFileType = file.xib; name = QuizQuestionCell.xib; path = View/QuizQuestionCell.xib; sourceTree = "<group>"; };
		67B3EFAA1DEF28DC00E3D426 /* QuizMCQCell.h */ = {isa = PBXFileReference; fileEncoding = 4; lastKnownFileType = sourcecode.c.h; name = QuizMCQCell.h; path = View/QuizMCQCell.h; sourceTree = "<group>"; };
		67B3EFAB1DEF28DC00E3D426 /* QuizMCQCell.m */ = {isa = PBXFileReference; fileEncoding = 4; lastKnownFileType = sourcecode.c.objc; name = QuizMCQCell.m; path = View/QuizMCQCell.m; sourceTree = "<group>"; };
		67B3EFAC1DEF28DC00E3D426 /* QuizMCQCell.xib */ = {isa = PBXFileReference; fileEncoding = 4; lastKnownFileType = file.xib; name = QuizMCQCell.xib; path = View/QuizMCQCell.xib; sourceTree = "<group>"; };
		67B3EFB01DEF3C3B00E3D426 /* UISliderWidth.h */ = {isa = PBXFileReference; fileEncoding = 4; lastKnownFileType = sourcecode.c.h; name = UISliderWidth.h; path = Controller/UISliderWidth/UISliderWidth.h; sourceTree = "<group>"; };
		67B3EFB11DEF3C3B00E3D426 /* UISliderWidth.m */ = {isa = PBXFileReference; fileEncoding = 4; lastKnownFileType = sourcecode.c.objc; name = UISliderWidth.m; path = Controller/UISliderWidth/UISliderWidth.m; sourceTree = "<group>"; };
		67B3EFB31DEFF4D400E3D426 /* QuizOptionsCell.h */ = {isa = PBXFileReference; fileEncoding = 4; lastKnownFileType = sourcecode.c.h; name = QuizOptionsCell.h; path = View/QuizOptionsCell.h; sourceTree = "<group>"; };
		67B3EFB41DEFF4D400E3D426 /* QuizOptionsCell.m */ = {isa = PBXFileReference; fileEncoding = 4; lastKnownFileType = sourcecode.c.objc; name = QuizOptionsCell.m; path = View/QuizOptionsCell.m; sourceTree = "<group>"; };
		67B3EFB51DEFF4D400E3D426 /* QuizOptionsCell.xib */ = {isa = PBXFileReference; fileEncoding = 4; lastKnownFileType = file.xib; name = QuizOptionsCell.xib; path = View/QuizOptionsCell.xib; sourceTree = "<group>"; };
		67B3EFB81DF0297C00E3D426 /* ResultVC.h */ = {isa = PBXFileReference; fileEncoding = 4; lastKnownFileType = sourcecode.c.h; name = ResultVC.h; path = View/ResultVC.h; sourceTree = "<group>"; };
		67B3EFB91DF0297C00E3D426 /* ResultVC.m */ = {isa = PBXFileReference; fileEncoding = 4; lastKnownFileType = sourcecode.c.objc; name = ResultVC.m; path = View/ResultVC.m; sourceTree = "<group>"; };
		67B3EFBD1DF0486000E3D426 /* HCSStarRatingView.h */ = {isa = PBXFileReference; fileEncoding = 4; lastKnownFileType = sourcecode.c.h; name = HCSStarRatingView.h; path = ThirdParty/HCSStarRatingView/HCSStarRatingView.h; sourceTree = "<group>"; };
		67B3EFBE1DF0486000E3D426 /* HCSStarRatingView.m */ = {isa = PBXFileReference; fileEncoding = 4; lastKnownFileType = sourcecode.c.objc; name = HCSStarRatingView.m; path = ThirdParty/HCSStarRatingView/HCSStarRatingView.m; sourceTree = "<group>"; };
		67E965D71DEDFFA1005CAE09 /* RegisterVC.h */ = {isa = PBXFileReference; fileEncoding = 4; lastKnownFileType = sourcecode.c.h; name = RegisterVC.h; path = View/RegisterVC.h; sourceTree = "<group>"; };
		67E965D81DEDFFA1005CAE09 /* RegisterVC.m */ = {isa = PBXFileReference; fileEncoding = 4; lastKnownFileType = sourcecode.c.objc; name = RegisterVC.m; path = View/RegisterVC.m; sourceTree = "<group>"; };
		C12F91E7E2D6C081752BA3F1 /* Pods-iCareer.debug.xcconfig */ = {isa = PBXFileReference; includeInIndex = 1; lastKnownFileType = text.xcconfig; name = "Pods-iCareer.debug.xcconfig"; path = "Pods/Target Support Files/Pods-iCareer/Pods-iCareer.debug.xcconfig"; sourceTree = "<group>"; };
		D52DB939900BA66936A38766 /* libPods-iCareer.a */ = {isa = PBXFileReference; explicitFileType = archive.ar; includeInIndex = 0; path = "libPods-iCareer.a"; sourceTree = BUILT_PRODUCTS_DIR; };
		FB277A40C30EE9B7A8AC497D /* Pods-iCareer.release.xcconfig */ = {isa = PBXFileReference; includeInIndex = 1; lastKnownFileType = text.xcconfig; name = "Pods-iCareer.release.xcconfig"; path = "Pods/Target Support Files/Pods-iCareer/Pods-iCareer.release.xcconfig"; sourceTree = "<group>"; };
/* End PBXFileReference section */

/* Begin PBXFrameworksBuildPhase section */
		673BC7D91DEADA9000D3925D /* Frameworks */ = {
			isa = PBXFrameworksBuildPhase;
			buildActionMask = 2147483647;
			files = (
				55DC36E43E419353A3CFAAAC /* libPods-iCareer.a in Frameworks */,
			);
			runOnlyForDeploymentPostprocessing = 0;
		};
		673BC7F51DEADA9700D3925D /* Frameworks */ = {
			isa = PBXFrameworksBuildPhase;
			buildActionMask = 2147483647;
			files = (
			);
			runOnlyForDeploymentPostprocessing = 0;
		};
		673BC8001DEADA9700D3925D /* Frameworks */ = {
			isa = PBXFrameworksBuildPhase;
			buildActionMask = 2147483647;
			files = (
			);
			runOnlyForDeploymentPostprocessing = 0;
		};
/* End PBXFrameworksBuildPhase section */

/* Begin PBXGroup section */
		67331EA41DEB3AA8009EB780 /* Services */ = {
			isa = PBXGroup;
			children = (
				67331EAF1DEB3C30009EB780 /* Services.h */,
				67331EB01DEB3C30009EB780 /* Services.m */,
			);
			name = Services;
			sourceTree = "<group>";
		};
		67331EA51DEB3AAD009EB780 /* Defines */ = {
			isa = PBXGroup;
			children = (
				67331EAE1DEB3C1D009EB780 /* Defines.h */,
			);
			name = Defines;
			sourceTree = "<group>";
		};
		67331EA61DEB3AB2009EB780 /* CoreDataFunction */ = {
			isa = PBXGroup;
			children = (
				67331EAB1DEB3B8C009EB780 /* CoreDataFunction.h */,
				67331EAC1DEB3B8C009EB780 /* CoreDataFunction.m */,
			);
			name = CoreDataFunction;
			sourceTree = "<group>";
		};
		67331EA71DEB3AB8009EB780 /* AppHelper */ = {
			isa = PBXGroup;
			children = (
				67331EA81DEB3B3D009EB780 /* AppHelper.h */,
				67331EA91DEB3B3D009EB780 /* AppHelper.m */,
			);
			name = AppHelper;
			sourceTree = "<group>";
		};
		673BC7D31DEADA9000D3925D = {
			isa = PBXGroup;
			children = (
				673BC7DE1DEADA9400D3925D /* iCareer */,
				673BC7FB1DEADA9700D3925D /* iCareerTests */,
				673BC8061DEADA9700D3925D /* iCareerUITests */,
				673BC7DD1DEADA9400D3925D /* Products */,
				C22E017BACE1A37102F0BB52 /* Pods */,
				EBB8AF7B5F785E174D20CF6B /* Frameworks */,
			);
			sourceTree = "<group>";
		};
		673BC7DD1DEADA9400D3925D /* Products */ = {
			isa = PBXGroup;
			children = (
				673BC7DC1DEADA9400D3925D /* iCareer.app */,
				673BC7F81DEADA9700D3925D /* iCareerTests.xctest */,
				673BC8031DEADA9700D3925D /* iCareerUITests.xctest */,
			);
			name = Products;
			sourceTree = "<group>";
		};
		673BC7DE1DEADA9400D3925D /* iCareer */ = {
			isa = PBXGroup;
			children = (
				6774FC711DEB36D6003B83ED /* AppDelegate */,
				6774FC6F1DEB36A4003B83ED /* Model */,
				6774FC6E1DEB369C003B83ED /* View */,
				6774FC6D1DEB3698003B83ED /* Controller */,
				67B3EFBC1DF0484600E3D426 /* ThirdParty */,
				6774FC701DEB36C4003B83ED /* Resources */,
				673BC7DF1DEADA9400D3925D /* Supporting Files */,
			);
			path = iCareer;
			sourceTree = "<group>";
		};
		673BC7DF1DEADA9400D3925D /* Supporting Files */ = {
			isa = PBXGroup;
			children = (
				673BC7E01DEADA9400D3925D /* main.m */,
			);
			name = "Supporting Files";
			sourceTree = "<group>";
		};
		673BC7FB1DEADA9700D3925D /* iCareerTests */ = {
			isa = PBXGroup;
			children = (
				673BC7FC1DEADA9700D3925D /* iCareerTests.m */,
				673BC7FE1DEADA9700D3925D /* Info.plist */,
			);
			path = iCareerTests;
			sourceTree = "<group>";
		};
		673BC8061DEADA9700D3925D /* iCareerUITests */ = {
			isa = PBXGroup;
			children = (
				673BC8071DEADA9700D3925D /* iCareerUITests.m */,
				673BC8091DEADA9700D3925D /* Info.plist */,
			);
			path = iCareerUITests;
			sourceTree = "<group>";
		};
		6774FC6D1DEB3698003B83ED /* Controller */ = {
			isa = PBXGroup;
			children = (
				67B3EFAF1DEF3BF400E3D426 /* UISliderWidth */,
				67331EA71DEB3AB8009EB780 /* AppHelper */,
				67331EA61DEB3AB2009EB780 /* CoreDataFunction */,
				67331EA51DEB3AAD009EB780 /* Defines */,
				67331EA41DEB3AA8009EB780 /* Services */,
			);
			name = Controller;
			sourceTree = "<group>";
		};
		6774FC6E1DEB369C003B83ED /* View */ = {
			isa = PBXGroup;
			children = (
				673BC7E51DEADA9400D3925D /* LoginVC.h */,
				673BC7E61DEADA9400D3925D /* LoginVC.m */,
				67E965D71DEDFFA1005CAE09 /* RegisterVC.h */,
				67E965D81DEDFFA1005CAE09 /* RegisterVC.m */,
				6745E7AC1DEED95D00903E4F /* WelcomVC.h */,
				6745E7AD1DEED95D00903E4F /* WelcomVC.m */,
				6745E7AF1DEEDD4700903E4F /* QuizVC.h */,
				6745E7B01DEEDD4700903E4F /* QuizVC.m */,
				67B3EFA51DEF23C300E3D426 /* QuizQuestionCell.h */,
				67B3EFA61DEF23C300E3D426 /* QuizQuestionCell.m */,
				67B3EFA71DEF23C300E3D426 /* QuizQuestionCell.xib */,
				67B3EFAA1DEF28DC00E3D426 /* QuizMCQCell.h */,
				67B3EFAB1DEF28DC00E3D426 /* QuizMCQCell.m */,
				67B3EFAC1DEF28DC00E3D426 /* QuizMCQCell.xib */,
				67B3EFB31DEFF4D400E3D426 /* QuizOptionsCell.h */,
				67B3EFB41DEFF4D400E3D426 /* QuizOptionsCell.m */,
				67B3EFB51DEFF4D400E3D426 /* QuizOptionsCell.xib */,
				67B3EFB81DF0297C00E3D426 /* ResultVC.h */,
				67B3EFB91DF0297C00E3D426 /* ResultVC.m */,
				673980CA1DF2B94B0040E24F /* SideMenuVC.h */,
				673980CB1DF2B94B0040E24F /* SideMenuVC.m */,
				673980D81DF2F6FB0040E24F /* SideMenuCell.h */,
				673980D91DF2F6FB0040E24F /* SideMenuCell.m */,
				673980D31DF2ED4D0040E24F /* SideMenuHeaderView.h */,
				673980D41DF2ED4D0040E24F /* SideMenuHeaderView.m */,
				673980D61DF2ED6A0040E24F /* SideMenuHeaderView.xib */,
				673980CD1DF2B9640040E24F /* BoardRoomVC.h */,
				673980CE1DF2B9640040E24F /* BoardRoomVC.m */,
				673980D01DF2BF2A0040E24F /* MFSideMenuVC.h */,
				673980D11DF2BF2A0040E24F /* MFSideMenuVC.m */,
				673980DB1DF303200040E24F /* NewsRoomVC.h */,
				673980DC1DF303200040E24F /* NewsRoomVC.m */,
				673980DE1DF3033F0040E24F /* IprofileVC.h */,
				673980DF1DF303400040E24F /* IprofileVC.m */,
			);
			name = View;
			sourceTree = "<group>";
		};
		6774FC6F1DEB36A4003B83ED /* Model */ = {
			isa = PBXGroup;
			children = (
			);
			name = Model;
			sourceTree = "<group>";
		};
		6774FC701DEB36C4003B83ED /* Resources */ = {
			isa = PBXGroup;
			children = (
				673BC7E81DEADA9400D3925D /* Main.storyboard */,
				673BC7EE1DEADA9600D3925D /* Assets.xcassets */,
				673BC7F01DEADA9600D3925D /* LaunchScreen.storyboard */,
				673BC7F31DEADA9600D3925D /* Info.plist */,
				673BC7EB1DEADA9500D3925D /* iCareer.xcdatamodeld */,
			);
			name = Resources;
			sourceTree = "<group>";
		};
		6774FC711DEB36D6003B83ED /* AppDelegate */ = {
			isa = PBXGroup;
			children = (
				673BC7E21DEADA9400D3925D /* AppDelegate.h */,
				673BC7E31DEADA9400D3925D /* AppDelegate.m */,
			);
			name = AppDelegate;
			sourceTree = "<group>";
		};
		67B3EFAF1DEF3BF400E3D426 /* UISliderWidth */ = {
			isa = PBXGroup;
			children = (
				67B3EFB01DEF3C3B00E3D426 /* UISliderWidth.h */,
				67B3EFB11DEF3C3B00E3D426 /* UISliderWidth.m */,
			);
			name = UISliderWidth;
			sourceTree = "<group>";
		};
		67B3EFBB1DF0481B00E3D426 /* HCSStarRatingView */ = {
			isa = PBXGroup;
			children = (
				67B3EFBD1DF0486000E3D426 /* HCSStarRatingView.h */,
				67B3EFBE1DF0486000E3D426 /* HCSStarRatingView.m */,
			);
			name = HCSStarRatingView;
			sourceTree = "<group>";
		};
		67B3EFBC1DF0484600E3D426 /* ThirdParty */ = {
			isa = PBXGroup;
			children = (
				67B3EFBB1DF0481B00E3D426 /* HCSStarRatingView */,
			);
			name = ThirdParty;
			sourceTree = "<group>";
		};
		C22E017BACE1A37102F0BB52 /* Pods */ = {
			isa = PBXGroup;
			children = (
				C12F91E7E2D6C081752BA3F1 /* Pods-iCareer.debug.xcconfig */,
				FB277A40C30EE9B7A8AC497D /* Pods-iCareer.release.xcconfig */,
			);
			name = Pods;
			sourceTree = "<group>";
		};
		EBB8AF7B5F785E174D20CF6B /* Frameworks */ = {
			isa = PBXGroup;
			children = (
				D52DB939900BA66936A38766 /* libPods-iCareer.a */,
			);
			name = Frameworks;
			sourceTree = "<group>";
		};
/* End PBXGroup section */

/* Begin PBXNativeTarget section */
		673BC7DB1DEADA9000D3925D /* iCareer */ = {
			isa = PBXNativeTarget;
			buildConfigurationList = 673BC80C1DEADA9700D3925D /* Build configuration list for PBXNativeTarget "iCareer" */;
			buildPhases = (
				972DCAAE44D24002969DC0C3 /* [CP] Check Pods Manifest.lock */,
				673BC7D81DEADA9000D3925D /* Sources */,
				673BC7D91DEADA9000D3925D /* Frameworks */,
				673BC7DA1DEADA9000D3925D /* Resources */,
				80934E29070DFD44FA6FD478 /* [CP] Embed Pods Frameworks */,
				BD3020AF5D646344E0226900 /* [CP] Copy Pods Resources */,
			);
			buildRules = (
			);
			dependencies = (
			);
			name = iCareer;
			productName = iCareer;
			productReference = 673BC7DC1DEADA9400D3925D /* iCareer.app */;
			productType = "com.apple.product-type.application";
		};
		673BC7F71DEADA9700D3925D /* iCareerTests */ = {
			isa = PBXNativeTarget;
			buildConfigurationList = 673BC80F1DEADA9700D3925D /* Build configuration list for PBXNativeTarget "iCareerTests" */;
			buildPhases = (
				673BC7F41DEADA9700D3925D /* Sources */,
				673BC7F51DEADA9700D3925D /* Frameworks */,
				673BC7F61DEADA9700D3925D /* Resources */,
			);
			buildRules = (
			);
			dependencies = (
				673BC7FA1DEADA9700D3925D /* PBXTargetDependency */,
			);
			name = iCareerTests;
			productName = iCareerTests;
			productReference = 673BC7F81DEADA9700D3925D /* iCareerTests.xctest */;
			productType = "com.apple.product-type.bundle.unit-test";
		};
		673BC8021DEADA9700D3925D /* iCareerUITests */ = {
			isa = PBXNativeTarget;
			buildConfigurationList = 673BC8121DEADA9700D3925D /* Build configuration list for PBXNativeTarget "iCareerUITests" */;
			buildPhases = (
				673BC7FF1DEADA9700D3925D /* Sources */,
				673BC8001DEADA9700D3925D /* Frameworks */,
				673BC8011DEADA9700D3925D /* Resources */,
			);
			buildRules = (
			);
			dependencies = (
				673BC8051DEADA9700D3925D /* PBXTargetDependency */,
			);
			name = iCareerUITests;
			productName = iCareerUITests;
			productReference = 673BC8031DEADA9700D3925D /* iCareerUITests.xctest */;
			productType = "com.apple.product-type.bundle.ui-testing";
		};
/* End PBXNativeTarget section */

/* Begin PBXProject section */
		673BC7D41DEADA9000D3925D /* Project object */ = {
			isa = PBXProject;
			attributes = {
				LastUpgradeCheck = 0810;
				ORGANIZATIONNAME = "Hitesh Kumar Singh";
				TargetAttributes = {
					673BC7DB1DEADA9000D3925D = {
						CreatedOnToolsVersion = 8.1;
						ProvisioningStyle = Automatic;
					};
					673BC7F71DEADA9700D3925D = {
						CreatedOnToolsVersion = 8.1;
						ProvisioningStyle = Automatic;
						TestTargetID = 673BC7DB1DEADA9000D3925D;
					};
					673BC8021DEADA9700D3925D = {
						CreatedOnToolsVersion = 8.1;
						ProvisioningStyle = Automatic;
						TestTargetID = 673BC7DB1DEADA9000D3925D;
					};
				};
			};
			buildConfigurationList = 673BC7D71DEADA9000D3925D /* Build configuration list for PBXProject "iCareer" */;
			compatibilityVersion = "Xcode 3.2";
			developmentRegion = English;
			hasScannedForEncodings = 0;
			knownRegions = (
				en,
				Base,
			);
			mainGroup = 673BC7D31DEADA9000D3925D;
			productRefGroup = 673BC7DD1DEADA9400D3925D /* Products */;
			projectDirPath = "";
			projectRoot = "";
			targets = (
				673BC7DB1DEADA9000D3925D /* iCareer */,
				673BC7F71DEADA9700D3925D /* iCareerTests */,
				673BC8021DEADA9700D3925D /* iCareerUITests */,
			);
		};
/* End PBXProject section */

/* Begin PBXResourcesBuildPhase section */
		673BC7DA1DEADA9000D3925D /* Resources */ = {
			isa = PBXResourcesBuildPhase;
			buildActionMask = 2147483647;
			files = (
				673BC7F21DEADA9600D3925D /* LaunchScreen.storyboard in Resources */,
				673980D71DF2ED6A0040E24F /* SideMenuHeaderView.xib in Resources */,
				673BC7EF1DEADA9600D3925D /* Assets.xcassets in Resources */,
				67B3EFAE1DEF28DC00E3D426 /* QuizMCQCell.xib in Resources */,
				67B3EFB71DEFF4D400E3D426 /* QuizOptionsCell.xib in Resources */,
				67B3EFA91DEF23C300E3D426 /* QuizQuestionCell.xib in Resources */,
				673BC7EA1DEADA9400D3925D /* Main.storyboard in Resources */,
			);
			runOnlyForDeploymentPostprocessing = 0;
		};
		673BC7F61DEADA9700D3925D /* Resources */ = {
			isa = PBXResourcesBuildPhase;
			buildActionMask = 2147483647;
			files = (
			);
			runOnlyForDeploymentPostprocessing = 0;
		};
		673BC8011DEADA9700D3925D /* Resources */ = {
			isa = PBXResourcesBuildPhase;
			buildActionMask = 2147483647;
			files = (
			);
			runOnlyForDeploymentPostprocessing = 0;
		};
/* End PBXResourcesBuildPhase section */

/* Begin PBXShellScriptBuildPhase section */
		80934E29070DFD44FA6FD478 /* [CP] Embed Pods Frameworks */ = {
			isa = PBXShellScriptBuildPhase;
			buildActionMask = 2147483647;
			files = (
			);
			inputPaths = (
			);
			name = "[CP] Embed Pods Frameworks";
			outputPaths = (
			);
			runOnlyForDeploymentPostprocessing = 0;
			shellPath = /bin/sh;
			shellScript = "\"${SRCROOT}/Pods/Target Support Files/Pods-iCareer/Pods-iCareer-frameworks.sh\"\n";
			showEnvVarsInLog = 0;
		};
		972DCAAE44D24002969DC0C3 /* [CP] Check Pods Manifest.lock */ = {
			isa = PBXShellScriptBuildPhase;
			buildActionMask = 2147483647;
			files = (
			);
			inputPaths = (
			);
			name = "[CP] Check Pods Manifest.lock";
			outputPaths = (
			);
			runOnlyForDeploymentPostprocessing = 0;
			shellPath = /bin/sh;
			shellScript = "diff \"${PODS_ROOT}/../Podfile.lock\" \"${PODS_ROOT}/Manifest.lock\" > /dev/null\nif [ $? != 0 ] ; then\n    # print error to STDERR\n    echo \"error: The sandbox is not in sync with the Podfile.lock. Run 'pod install' or update your CocoaPods installation.\" >&2\n    exit 1\nfi\n";
			showEnvVarsInLog = 0;
		};
		BD3020AF5D646344E0226900 /* [CP] Copy Pods Resources */ = {
			isa = PBXShellScriptBuildPhase;
			buildActionMask = 2147483647;
			files = (
			);
			inputPaths = (
			);
			name = "[CP] Copy Pods Resources";
			outputPaths = (
			);
			runOnlyForDeploymentPostprocessing = 0;
			shellPath = /bin/sh;
			shellScript = "\"${SRCROOT}/Pods/Target Support Files/Pods-iCareer/Pods-iCareer-resources.sh\"\n";
			showEnvVarsInLog = 0;
		};
/* End PBXShellScriptBuildPhase section */

/* Begin PBXSourcesBuildPhase section */
		673BC7D81DEADA9000D3925D /* Sources */ = {
			isa = PBXSourcesBuildPhase;
			buildActionMask = 2147483647;
			files = (
				67331EAA1DEB3B3D009EB780 /* AppHelper.m in Sources */,
				673BC7E71DEADA9400D3925D /* LoginVC.m in Sources */,
				67B3EFBA1DF0297C00E3D426 /* ResultVC.m in Sources */,
				673BC7E41DEADA9400D3925D /* AppDelegate.m in Sources */,
				6745E7B11DEEDD4700903E4F /* QuizVC.m in Sources */,
				67B3EFA81DEF23C300E3D426 /* QuizQuestionCell.m in Sources */,
				67B3EFBF1DF0486000E3D426 /* HCSStarRatingView.m in Sources */,
				673BC7E11DEADA9400D3925D /* main.m in Sources */,
				67331EAD1DEB3B8C009EB780 /* CoreDataFunction.m in Sources */,
				673980CC1DF2B94B0040E24F /* SideMenuVC.m in Sources */,
				67B3EFB61DEFF4D400E3D426 /* QuizOptionsCell.m in Sources */,
				67E965D91DEDFFA1005CAE09 /* RegisterVC.m in Sources */,
				673980D21DF2BF2A0040E24F /* MFSideMenuVC.m in Sources */,
				673980D51DF2ED4D0040E24F /* SideMenuHeaderView.m in Sources */,
				673980CF1DF2B9640040E24F /* BoardRoomVC.m in Sources */,
				67B3EFB21DEF3C3B00E3D426 /* UISliderWidth.m in Sources */,
				673980DD1DF303200040E24F /* NewsRoomVC.m in Sources */,
				673980E01DF303400040E24F /* IprofileVC.m in Sources */,
				67331EB11DEB3C30009EB780 /* Services.m in Sources */,
				6745E7AE1DEED95D00903E4F /* WelcomVC.m in Sources */,
				67B3EFAD1DEF28DC00E3D426 /* QuizMCQCell.m in Sources */,
				673BC7ED1DEADA9500D3925D /* iCareer.xcdatamodeld in Sources */,
				673980DA1DF2F6FB0040E24F /* SideMenuCell.m in Sources */,
			);
			runOnlyForDeploymentPostprocessing = 0;
		};
		673BC7F41DEADA9700D3925D /* Sources */ = {
			isa = PBXSourcesBuildPhase;
			buildActionMask = 2147483647;
			files = (
				673BC7FD1DEADA9700D3925D /* iCareerTests.m in Sources */,
			);
			runOnlyForDeploymentPostprocessing = 0;
		};
		673BC7FF1DEADA9700D3925D /* Sources */ = {
			isa = PBXSourcesBuildPhase;
			buildActionMask = 2147483647;
			files = (
				673BC8081DEADA9700D3925D /* iCareerUITests.m in Sources */,
			);
			runOnlyForDeploymentPostprocessing = 0;
		};
/* End PBXSourcesBuildPhase section */

/* Begin PBXTargetDependency section */
		673BC7FA1DEADA9700D3925D /* PBXTargetDependency */ = {
			isa = PBXTargetDependency;
			target = 673BC7DB1DEADA9000D3925D /* iCareer */;
			targetProxy = 673BC7F91DEADA9700D3925D /* PBXContainerItemProxy */;
		};
		673BC8051DEADA9700D3925D /* PBXTargetDependency */ = {
			isa = PBXTargetDependency;
			target = 673BC7DB1DEADA9000D3925D /* iCareer */;
			targetProxy = 673BC8041DEADA9700D3925D /* PBXContainerItemProxy */;
		};
/* End PBXTargetDependency section */

/* Begin PBXVariantGroup section */
		673BC7E81DEADA9400D3925D /* Main.storyboard */ = {
			isa = PBXVariantGroup;
			children = (
				673BC7E91DEADA9400D3925D /* Base */,
			);
			name = Main.storyboard;
			sourceTree = "<group>";
		};
		673BC7F01DEADA9600D3925D /* LaunchScreen.storyboard */ = {
			isa = PBXVariantGroup;
			children = (
				673BC7F11DEADA9600D3925D /* Base */,
			);
			name = LaunchScreen.storyboard;
			sourceTree = "<group>";
		};
/* End PBXVariantGroup section */

/* Begin XCBuildConfiguration section */
		673BC80A1DEADA9700D3925D /* Debug */ = {
			isa = XCBuildConfiguration;
			buildSettings = {
				ALWAYS_SEARCH_USER_PATHS = NO;
				CLANG_ANALYZER_NONNULL = YES;
				CLANG_CXX_LANGUAGE_STANDARD = "gnu++0x";
				CLANG_CXX_LIBRARY = "libc++";
				CLANG_ENABLE_MODULES = YES;
				CLANG_ENABLE_OBJC_ARC = YES;
				CLANG_WARN_BOOL_CONVERSION = YES;
				CLANG_WARN_CONSTANT_CONVERSION = YES;
				CLANG_WARN_DIRECT_OBJC_ISA_USAGE = YES_ERROR;
				CLANG_WARN_DOCUMENTATION_COMMENTS = YES;
				CLANG_WARN_EMPTY_BODY = YES;
				CLANG_WARN_ENUM_CONVERSION = YES;
				CLANG_WARN_INFINITE_RECURSION = YES;
				CLANG_WARN_INT_CONVERSION = YES;
				CLANG_WARN_OBJC_ROOT_CLASS = YES_ERROR;
				CLANG_WARN_SUSPICIOUS_MOVES = YES;
				CLANG_WARN_UNREACHABLE_CODE = YES;
				CLANG_WARN__DUPLICATE_METHOD_MATCH = YES;
				"CODE_SIGN_IDENTITY[sdk=iphoneos*]" = "iPhone Developer";
				COPY_PHASE_STRIP = NO;
				DEBUG_INFORMATION_FORMAT = dwarf;
				ENABLE_STRICT_OBJC_MSGSEND = YES;
				ENABLE_TESTABILITY = YES;
				GCC_C_LANGUAGE_STANDARD = gnu99;
				GCC_DYNAMIC_NO_PIC = NO;
				GCC_NO_COMMON_BLOCKS = YES;
				GCC_OPTIMIZATION_LEVEL = 0;
				GCC_PREPROCESSOR_DEFINITIONS = (
					"DEBUG=1",
					"$(inherited)",
				);
				GCC_WARN_64_TO_32_BIT_CONVERSION = YES;
				GCC_WARN_ABOUT_RETURN_TYPE = YES_ERROR;
				GCC_WARN_UNDECLARED_SELECTOR = YES;
				GCC_WARN_UNINITIALIZED_AUTOS = YES_AGGRESSIVE;
				GCC_WARN_UNUSED_FUNCTION = YES;
				GCC_WARN_UNUSED_VARIABLE = YES;
				IPHONEOS_DEPLOYMENT_TARGET = 10.1;
				MTL_ENABLE_DEBUG_INFO = YES;
				ONLY_ACTIVE_ARCH = YES;
				SDKROOT = iphoneos;
				TARGETED_DEVICE_FAMILY = "1,2";
			};
			name = Debug;
		};
		673BC80B1DEADA9700D3925D /* Release */ = {
			isa = XCBuildConfiguration;
			buildSettings = {
				ALWAYS_SEARCH_USER_PATHS = NO;
				CLANG_ANALYZER_NONNULL = YES;
				CLANG_CXX_LANGUAGE_STANDARD = "gnu++0x";
				CLANG_CXX_LIBRARY = "libc++";
				CLANG_ENABLE_MODULES = YES;
				CLANG_ENABLE_OBJC_ARC = YES;
				CLANG_WARN_BOOL_CONVERSION = YES;
				CLANG_WARN_CONSTANT_CONVERSION = YES;
				CLANG_WARN_DIRECT_OBJC_ISA_USAGE = YES_ERROR;
				CLANG_WARN_DOCUMENTATION_COMMENTS = YES;
				CLANG_WARN_EMPTY_BODY = YES;
				CLANG_WARN_ENUM_CONVERSION = YES;
				CLANG_WARN_INFINITE_RECURSION = YES;
				CLANG_WARN_INT_CONVERSION = YES;
				CLANG_WARN_OBJC_ROOT_CLASS = YES_ERROR;
				CLANG_WARN_SUSPICIOUS_MOVES = YES;
				CLANG_WARN_UNREACHABLE_CODE = YES;
				CLANG_WARN__DUPLICATE_METHOD_MATCH = YES;
				"CODE_SIGN_IDENTITY[sdk=iphoneos*]" = "iPhone Developer";
				COPY_PHASE_STRIP = NO;
				DEBUG_INFORMATION_FORMAT = "dwarf-with-dsym";
				ENABLE_NS_ASSERTIONS = NO;
				ENABLE_STRICT_OBJC_MSGSEND = YES;
				GCC_C_LANGUAGE_STANDARD = gnu99;
				GCC_NO_COMMON_BLOCKS = YES;
				GCC_WARN_64_TO_32_BIT_CONVERSION = YES;
				GCC_WARN_ABOUT_RETURN_TYPE = YES_ERROR;
				GCC_WARN_UNDECLARED_SELECTOR = YES;
				GCC_WARN_UNINITIALIZED_AUTOS = YES_AGGRESSIVE;
				GCC_WARN_UNUSED_FUNCTION = YES;
				GCC_WARN_UNUSED_VARIABLE = YES;
				IPHONEOS_DEPLOYMENT_TARGET = 10.1;
				MTL_ENABLE_DEBUG_INFO = NO;
				SDKROOT = iphoneos;
				TARGETED_DEVICE_FAMILY = "1,2";
				VALIDATE_PRODUCT = YES;
			};
			name = Release;
		};
		673BC80D1DEADA9700D3925D /* Debug */ = {
			isa = XCBuildConfiguration;
			baseConfigurationReference = C12F91E7E2D6C081752BA3F1 /* Pods-iCareer.debug.xcconfig */;
			buildSettings = {
				ASSETCATALOG_COMPILER_APPICON_NAME = AppIcon;
				INFOPLIST_FILE = iCareer/Info.plist;
				IPHONEOS_DEPLOYMENT_TARGET = 9.0;
				LD_RUNPATH_SEARCH_PATHS = "$(inherited) @executable_path/Frameworks";
				PRODUCT_BUNDLE_IDENTIFIER = com.maverick.iCareer;
				PRODUCT_NAME = "$(TARGET_NAME)";
			};
			name = Debug;
		};
		673BC80E1DEADA9700D3925D /* Release */ = {
			isa = XCBuildConfiguration;
			baseConfigurationReference = FB277A40C30EE9B7A8AC497D /* Pods-iCareer.release.xcconfig */;
			buildSettings = {
				ASSETCATALOG_COMPILER_APPICON_NAME = AppIcon;
				INFOPLIST_FILE = iCareer/Info.plist;
				IPHONEOS_DEPLOYMENT_TARGET = 9.0;
				LD_RUNPATH_SEARCH_PATHS = "$(inherited) @executable_path/Frameworks";
				PRODUCT_BUNDLE_IDENTIFIER = com.maverick.iCareer;
				PRODUCT_NAME = "$(TARGET_NAME)";
			};
			name = Release;
		};
		673BC8101DEADA9700D3925D /* Debug */ = {
			isa = XCBuildConfiguration;
			buildSettings = {
				BUNDLE_LOADER = "$(TEST_HOST)";
				INFOPLIST_FILE = iCareerTests/Info.plist;
				LD_RUNPATH_SEARCH_PATHS = "$(inherited) @executable_path/Frameworks @loader_path/Frameworks";
				PRODUCT_BUNDLE_IDENTIFIER = com.maverick.iCareerTests;
				PRODUCT_NAME = "$(TARGET_NAME)";
				TEST_HOST = "$(BUILT_PRODUCTS_DIR)/iCareer.app/iCareer";
			};
			name = Debug;
		};
		673BC8111DEADA9700D3925D /* Release */ = {
			isa = XCBuildConfiguration;
			buildSettings = {
				BUNDLE_LOADER = "$(TEST_HOST)";
				INFOPLIST_FILE = iCareerTests/Info.plist;
				LD_RUNPATH_SEARCH_PATHS = "$(inherited) @executable_path/Frameworks @loader_path/Frameworks";
				PRODUCT_BUNDLE_IDENTIFIER = com.maverick.iCareerTests;
				PRODUCT_NAME = "$(TARGET_NAME)";
				TEST_HOST = "$(BUILT_PRODUCTS_DIR)/iCareer.app/iCareer";
			};
			name = Release;
		};
		673BC8131DEADA9700D3925D /* Debug */ = {
			isa = XCBuildConfiguration;
			buildSettings = {
				INFOPLIST_FILE = iCareerUITests/Info.plist;
				LD_RUNPATH_SEARCH_PATHS = "$(inherited) @executable_path/Frameworks @loader_path/Frameworks";
				PRODUCT_BUNDLE_IDENTIFIER = com.maverick.iCareerUITests;
				PRODUCT_NAME = "$(TARGET_NAME)";
				TEST_TARGET_NAME = iCareer;
			};
			name = Debug;
		};
		673BC8141DEADA9700D3925D /* Release */ = {
			isa = XCBuildConfiguration;
			buildSettings = {
				INFOPLIST_FILE = iCareerUITests/Info.plist;
				LD_RUNPATH_SEARCH_PATHS = "$(inherited) @executable_path/Frameworks @loader_path/Frameworks";
				PRODUCT_BUNDLE_IDENTIFIER = com.maverick.iCareerUITests;
				PRODUCT_NAME = "$(TARGET_NAME)";
				TEST_TARGET_NAME = iCareer;
			};
			name = Release;
		};
/* End XCBuildConfiguration section */

/* Begin XCConfigurationList section */
		673BC7D71DEADA9000D3925D /* Build configuration list for PBXProject "iCareer" */ = {
			isa = XCConfigurationList;
			buildConfigurations = (
				673BC80A1DEADA9700D3925D /* Debug */,
				673BC80B1DEADA9700D3925D /* Release */,
			);
			defaultConfigurationIsVisible = 0;
			defaultConfigurationName = Release;
		};
		673BC80C1DEADA9700D3925D /* Build configuration list for PBXNativeTarget "iCareer" */ = {
			isa = XCConfigurationList;
			buildConfigurations = (
				673BC80D1DEADA9700D3925D /* Debug */,
				673BC80E1DEADA9700D3925D /* Release */,
			);
			defaultConfigurationIsVisible = 0;
			defaultConfigurationName = Release;
		};
		673BC80F1DEADA9700D3925D /* Build configuration list for PBXNativeTarget "iCareerTests" */ = {
			isa = XCConfigurationList;
			buildConfigurations = (
				673BC8101DEADA9700D3925D /* Debug */,
				673BC8111DEADA9700D3925D /* Release */,
			);
			defaultConfigurationIsVisible = 0;
			defaultConfigurationName = Release;
		};
		673BC8121DEADA9700D3925D /* Build configuration list for PBXNativeTarget "iCareerUITests" */ = {
			isa = XCConfigurationList;
			buildConfigurations = (
				673BC8131DEADA9700D3925D /* Debug */,
				673BC8141DEADA9700D3925D /* Release */,
			);
			defaultConfigurationIsVisible = 0;
			defaultConfigurationName = Release;
		};
/* End XCConfigurationList section */

/* Begin XCVersionGroup section */
		673BC7EB1DEADA9500D3925D /* iCareer.xcdatamodeld */ = {
			isa = XCVersionGroup;
			children = (
				673BC7EC1DEADA9500D3925D /* iCareer.xcdatamodel */,
			);
			currentVersion = 673BC7EC1DEADA9500D3925D /* iCareer.xcdatamodel */;
			path = iCareer.xcdatamodeld;
			sourceTree = "<group>";
			versionGroupType = wrapper.xcdatamodel;
		};
/* End XCVersionGroup section */
	};
	rootObject = 673BC7D41DEADA9000D3925D /* Project object */;
}
